{
  "mvslovers/httpd": {
    "sha256": "5e902013ef7d2b667db619cb45de744ecf573918a9551f6208c44c102925cc75",
    "version": "4.2.0-dev"
  },
  "mvslovers/lua370": {
    "sha256": "e5529f4cb77fd9600cfcf54ff16809923ae44adaa765dfc2b5c59e667da4b082",
    "version": "1.2.0-dev"
  },
  "mvslovers/ufsd": {
    "sha256": "c2eb5f98317769e07c39363f29e4884fec1fd22f803582cfb36de5f7e67ea548",
    "version": "1.4.0-dev"
  }
}
